
Microsoft Visual Studio Solution File, Format Version 12.00
# Visual Studio Version 16
VisualStudioVersion = 16.0.29709.97
MinimumVisualStudioVersion = 10.0.40219.1
Project("{9A19103F-16F7-4668-BE54-9A1E7A4F7556}") = "Silverbrain.OnlineShop.Web", "Silverbrain.OnlineShop.Web\Silverbrain.OnlineShop.Web.csproj", "{D2BD52FE-624A-4AB6-9A8E-86AFC47510A7}"
EndProject
Project("{9A19103F-16F7-4668-BE54-9A1E7A4F7556}") = "Silverbrain.OnlineShop.DataLayer", "Silverbrain.OnlineShop.DataLayer\Silverbrain.OnlineShop.DataLayer.csproj", "{19A31BE7-6EF4-4648-95F9-119D2567C909}"
EndProject
Project("{9A19103F-16F7-4668-BE54-9A1E7A4F7556}") = "Silverbrain.OnlineShop.Services", "Silverbrain.OnlineShop.Services\Silverbrain.OnlineShop.Services.csproj", "{88EC49AB-B813-438A-B626-8B47D12E22AF}"
EndProject
Project("{9A19103F-16F7-4668-BE54-9A1E7A4F7556}") = "Silverbrain.OnlineShop.Entities", "Silverbrain.OnlineShop.Entities\Silverbrain.OnlineShop.Entities.csproj", "{00B9EF02-06FE-420F-B173-67A70AA3BD9E}"
EndProject
Global
	GlobalSection(SolutionConfigurationPlatforms) = preSolution
		Debug|Any CPU = Debug|Any CPU
		Release|Any CPU = Release|Any CPU
	EndGlobalSection
	GlobalSection(ProjectConfigurationPlatforms) = postSolution
		{D2BD52FE-624A-4AB6-9A8E-86AFC47510A7}.Debug|Any CPU.ActiveCfg = Debug|Any CPU
		{D2BD52FE-624A-4AB6-9A8E-86AFC47510A7}.Debug|Any CPU.Build.0 = Debug|Any CPU
		{D2BD52FE-624A-4AB6-9A8E-86AFC47510A7}.Release|Any CPU.ActiveCfg = Release|Any CPU
		{D2BD52FE-624A-4AB6-9A8E-86AFC47510A7}.Release|Any CPU.Build.0 = Release|Any CPU
		{19A31BE7-6EF4-4648-95F9-119D2567C909}.Debug|Any CPU.ActiveCfg = Debug|Any CPU
		{19A31BE7-6EF4-4648-95F9-119D2567C909}.Debug|Any CPU.Build.0 = Debug|Any CPU
		{19A31BE7-6EF4-4648-95F9-119D2567C909}.Release|Any CPU.ActiveCfg = Release|Any CPU
		{19A31BE7-6EF4-4648-95F9-119D2567C909}.Release|Any CPU.Build.0 = Release|Any CPU
		{88EC49AB-B813-438A-B626-8B47D12E22AF}.Debug|Any CPU.ActiveCfg = Debug|Any CPU
		{88EC49AB-B813-438A-B626-8B47D12E22AF}.Debug|Any CPU.Build.0 = Debug|Any CPU
		{88EC49AB-B813-438A-B626-8B47D12E22AF}.Release|Any CPU.ActiveCfg = Release|Any CPU
		{88EC49AB-B813-438A-B626-8B47D12E22AF}.Release|Any CPU.Build.0 = Release|Any CPU
		{00B9EF02-06FE-420F-B173-67A70AA3BD9E}.Debug|Any CPU.ActiveCfg = Debug|Any CPU
		{00B9EF02-06FE-420F-B173-67A70AA3BD9E}.Debug|Any CPU.Build.0 = Debug|Any CPU
		{00B9EF02-06FE-420F-B173-67A70AA3BD9E}.Release|Any CPU.ActiveCfg = Release|Any CPU
		{00B9EF02-06FE-420F-B173-67A70AA3BD9E}.Release|Any CPU.Build.0 = Release|Any CPU
	EndGlobalSection
	GlobalSection(SolutionProperties) = preSolution
		HideSolutionNode = FALSE
	EndGlobalSection
	GlobalSection(ExtensibilityGlobals) = postSolution
		SolutionGuid = {90F3A571-CBDF-477D-A2C7-9F8078D713B6}
	EndGlobalSection
EndGlobal
